// !$*UTF8*$!
{
	archiveVersion = 1;
	classes = {
	};
	objectVersion = 56;
	objects = {

/* Begin PBXBuildFile section */
		59117A0D2AED756A00A86CC7 /* sampleApp.swift in Sources */ = {isa = PBXBuildFile; fileRef = 59117A0C2AED756A00A86CC7 /* sampleApp.swift */; };
		59117A0F2AED756A00A86CC7 /* ContentView.swift in Sources */ = {isa = PBXBuildFile; fileRef = 59117A0E2AED756A00A86CC7 /* ContentView.swift */; };
		59117A112AED756C00A86CC7 /* Assets.xcassets in Resources */ = {isa = PBXBuildFile; fileRef = 59117A102AED756C00A86CC7 /* Assets.xcassets */; };
		59117A142AED756C00A86CC7 /* Preview Assets.xcassets in Resources */ = {isa = PBXBuildFile; fileRef = 59117A132AED756C00A86CC7 /* Preview Assets.xcassets */; };
		59117A1E2AED756D00A86CC7 /* sampleTests.swift in Sources */ = {isa = PBXBuildFile; fileRef = 59117A1D2AED756D00A86CC7 /* sampleTests.swift */; };
		59117A282AED756D00A86CC7 /* sampleUITests.swift in Sources */ = {isa = PBXBuildFile; fileRef = 59117A272AED756D00A86CC7 /* sampleUITests.swift */; };
		59117A2A2AED756D00A86CC7 /* sampleUITestsLaunchTests.swift in Sources */ = {isa = PBXBuildFile; fileRef = 59117A292AED756D00A86CC7 /* sampleUITestsLaunchTests.swift */; };
		59117A3D2AED784600A86CC7 /* WidgetKit.framework in Frameworks */ = {isa = PBXBuildFile; fileRef = 59117A3C2AED784600A86CC7 /* WidgetKit.framework */; };
		59117A3F2AED784600A86CC7 /* SwiftUI.framework in Frameworks */ = {isa = PBXBuildFile; fileRef = 59117A3E2AED784600A86CC7 /* SwiftUI.framework */; };
		59117A422AED784600A86CC7 /* enhanced_timetableBundle.swift in Sources */ = {isa = PBXBuildFile; fileRef = 59117A412AED784600A86CC7 /* enhanced_timetableBundle.swift */; };
		59117A442AED784600A86CC7 /* enhanced_timetableLiveActivity.swift in Sources */ = {isa = PBXBuildFile; fileRef = 59117A432AED784600A86CC7 /* enhanced_timetableLiveActivity.swift */; };
		59117A462AED784600A86CC7 /* enhanced_timetable.swift in Sources */ = {isa = PBXBuildFile; fileRef = 59117A452AED784600A86CC7 /* enhanced_timetable.swift */; };
		59117A482AED784600A86CC7 /* AppIntent.swift in Sources */ = {isa = PBXBuildFile; fileRef = 59117A472AED784600A86CC7 /* AppIntent.swift */; };
		59117A4A2AED784800A86CC7 /* Assets.xcassets in Resources */ = {isa = PBXBuildFile; fileRef = 59117A492AED784800A86CC7 /* Assets.xcassets */; };
		59117A4E2AED784800A86CC7 /* enhanced-timetableExtension.appex in Embed Foundation Extensions */ = {isa = PBXBuildFile; fileRef = 59117A3A2AED784600A86CC7 /* enhanced-timetableExtension.appex */; settings = {ATTRIBUTES = (RemoveHeadersOnCopy, ); }; };
		59117AA92AEE32CE00A86CC7 /* entry.swift in Sources */ = {isa = PBXBuildFile; fileRef = 59117AA82AEE32CE00A86CC7 /* entry.swift */; };
		59117AAB2AEE332E00A86CC7 /* provider.swift in Sources */ = {isa = PBXBuildFile; fileRef = 59117AAA2AEE332E00A86CC7 /* provider.swift */; };
		59117AAD2AEE375C00A86CC7 /* EntryView.swift in Sources */ = {isa = PBXBuildFile; fileRef = 59117AAC2AEE375C00A86CC7 /* EntryView.swift */; };
/* End PBXBuildFile section */

/* Begin PBXContainerItemProxy section */
		59117A1A2AED756D00A86CC7 /* PBXContainerItemProxy */ = {
			isa = PBXContainerItemProxy;
			containerPortal = 59117A012AED756A00A86CC7 /* Project object */;
			proxyType = 1;
			remoteGlobalIDString = 59117A082AED756A00A86CC7;
			remoteInfo = sample;
		};
		59117A242AED756D00A86CC7 /* PBXContainerItemProxy */ = {
			isa = PBXContainerItemProxy;
			containerPortal = 59117A012AED756A00A86CC7 /* Project object */;
			proxyType = 1;
			remoteGlobalIDString = 59117A082AED756A00A86CC7;
			remoteInfo = sample;
		};
		59117A4C2AED784800A86CC7 /* PBXContainerItemProxy */ = {
			isa = PBXContainerItemProxy;
			containerPortal = 59117A012AED756A00A86CC7 /* Project object */;
			proxyType = 1;
			remoteGlobalIDString = 59117A392AED784600A86CC7;
			remoteInfo = "enhanced-timetableExtension";
		};
/* End PBXContainerItemProxy section */

/* Begin PBXCopyFilesBuildPhase section */
		59117A522AED784800A86CC7 /* Embed Foundation Extensions */ = {
			isa = PBXCopyFilesBuildPhase;
			buildActionMask = 2147483647;
			dstPath = "";
			dstSubfolderSpec = 13;
			files = (
				59117A4E2AED784800A86CC7 /* enhanced-timetableExtension.appex in Embed Foundation Extensions */,
			);
			name = "Embed Foundation Extensions";
			runOnlyForDeploymentPostprocessing = 0;
		};
/* End PBXCopyFilesBuildPhase section */

/* Begin PBXFileReference section */
		59117A092AED756A00A86CC7 /* sample.app */ = {isa = PBXFileReference; explicitFileType = wrapper.application; includeInIndex = 0; path = sample.app; sourceTree = BUILT_PRODUCTS_DIR; };
		59117A0C2AED756A00A86CC7 /* sampleApp.swift */ = {isa = PBXFileReference; lastKnownFileType = sourcecode.swift; path = sampleApp.swift; sourceTree = "<group>"; };
		59117A0E2AED756A00A86CC7 /* ContentView.swift */ = {isa = PBXFileReference; lastKnownFileType = sourcecode.swift; path = ContentView.swift; sourceTree = "<group>"; };
		59117A102AED756C00A86CC7 /* Assets.xcassets */ = {isa = PBXFileReference; lastKnownFileType = folder.assetcatalog; path = Assets.xcassets; sourceTree = "<group>"; };
		59117A132AED756C00A86CC7 /* Preview Assets.xcassets */ = {isa = PBXFileReference; lastKnownFileType = folder.assetcatalog; path = "Preview Assets.xcassets"; sourceTree = "<group>"; };
		59117A192AED756D00A86CC7 /* sampleTests.xctest */ = {isa = PBXFileReference; explicitFileType = wrapper.cfbundle; includeInIndex = 0; path = sampleTests.xctest; sourceTree = BUILT_PRODUCTS_DIR; };
		59117A1D2AED756D00A86CC7 /* sampleTests.swift */ = {isa = PBXFileReference; lastKnownFileType = sourcecode.swift; path = sampleTests.swift; sourceTree = "<group>"; };
		59117A232AED756D00A86CC7 /* sampleUITests.xctest */ = {isa = PBXFileReference; explicitFileType = wrapper.cfbundle; includeInIndex = 0; path = sampleUITests.xctest; sourceTree = BUILT_PRODUCTS_DIR; };
		59117A272AED756D00A86CC7 /* sampleUITests.swift */ = {isa = PBXFileReference; lastKnownFileType = sourcecode.swift; path = sampleUITests.swift; sourceTree = "<group>"; };
		59117A292AED756D00A86CC7 /* sampleUITestsLaunchTests.swift */ = {isa = PBXFileReference; lastKnownFileType = sourcecode.swift; path = sampleUITestsLaunchTests.swift; sourceTree = "<group>"; };
		59117A3A2AED784600A86CC7 /* enhanced-timetableExtension.appex */ = {isa = PBXFileReference; explicitFileType = "wrapper.app-extension"; includeInIndex = 0; path = "enhanced-timetableExtension.appex"; sourceTree = BUILT_PRODUCTS_DIR; };
		59117A3C2AED784600A86CC7 /* WidgetKit.framework */ = {isa = PBXFileReference; lastKnownFileType = wrapper.framework; name = WidgetKit.framework; path = System/Library/Frameworks/WidgetKit.framework; sourceTree = SDKROOT; };
		59117A3E2AED784600A86CC7 /* SwiftUI.framework */ = {isa = PBXFileReference; lastKnownFileType = wrapper.framework; name = SwiftUI.framework; path = System/Library/Frameworks/SwiftUI.framework; sourceTree = SDKROOT; };
		59117A412AED784600A86CC7 /* enhanced_timetableBundle.swift */ = {isa = PBXFileReference; lastKnownFileType = sourcecode.swift; path = enhanced_timetableBundle.swift; sourceTree = "<group>"; };
		59117A432AED784600A86CC7 /* enhanced_timetableLiveActivity.swift */ = {isa = PBXFileReference; lastKnownFileType = sourcecode.swift; path = enhanced_timetableLiveActivity.swift; sourceTree = "<group>"; };
		59117A452AED784600A86CC7 /* enhanced_timetable.swift */ = {isa = PBXFileReference; lastKnownFileType = sourcecode.swift; path = enhanced_timetable.swift; sourceTree = "<group>"; };
		59117A472AED784600A86CC7 /* AppIntent.swift */ = {isa = PBXFileReference; lastKnownFileType = sourcecode.swift; path = AppIntent.swift; sourceTree = "<group>"; };
		59117A492AED784800A86CC7 /* Assets.xcassets */ = {isa = PBXFileReference; lastKnownFileType = folder.assetcatalog; path = Assets.xcassets; sourceTree = "<group>"; };
		59117A4B2AED784800A86CC7 /* Info.plist */ = {isa = PBXFileReference; lastKnownFileType = text.plist.xml; path = Info.plist; sourceTree = "<group>"; };
		59117AA82AEE32CE00A86CC7 /* entry.swift */ = {isa = PBXFileReference; lastKnownFileType = sourcecode.swift; path = entry.swift; sourceTree = "<group>"; };
		59117AAA2AEE332E00A86CC7 /* provider.swift */ = {isa = PBXFileReference; lastKnownFileType = sourcecode.swift; path = provider.swift; sourceTree = "<group>"; };
		59117AAC2AEE375C00A86CC7 /* EntryView.swift */ = {isa = PBXFileReference; lastKnownFileType = sourcecode.swift; path = EntryView.swift; sourceTree = "<group>"; };
/* End PBXFileReference section */

/* Begin PBXFrameworksBuildPhase section */
		59117A062AED756A00A86CC7 /* Frameworks */ = {
			isa = PBXFrameworksBuildPhase;
			buildActionMask = 2147483647;
			files = (
			);
			runOnlyForDeploymentPostprocessing = 0;
		};
		59117A162AED756D00A86CC7 /* Frameworks */ = {
			isa = PBXFrameworksBuildPhase;
			buildActionMask = 2147483647;
			files = (
			);
			runOnlyForDeploymentPostprocessing = 0;
		};
		59117A202AED756D00A86CC7 /* Frameworks */ = {
			isa = PBXFrameworksBuildPhase;
			buildActionMask = 2147483647;
			files = (
			);
			runOnlyForDeploymentPostprocessing = 0;
		};
		59117A372AED784600A86CC7 /* Frameworks */ = {
			isa = PBXFrameworksBuildPhase;
			buildActionMask = 2147483647;
			files = (
				59117A3F2AED784600A86CC7 /* SwiftUI.framework in Frameworks */,
				59117A3D2AED784600A86CC7 /* WidgetKit.framework in Frameworks */,
			);
			runOnlyForDeploymentPostprocessing = 0;
		};
/* End PBXFrameworksBuildPhase section */

/* Begin PBXGroup section */
		59117A002AED756A00A86CC7 = {
			isa = PBXGroup;
			children = (
				59117A0B2AED756A00A86CC7 /* sample */,
				59117A1C2AED756D00A86CC7 /* sampleTests */,
				59117A262AED756D00A86CC7 /* sampleUITests */,
				59117A402AED784600A86CC7 /* enhanced-timetable */,
				59117A3B2AED784600A86CC7 /* Frameworks */,
				59117A0A2AED756A00A86CC7 /* Products */,
			);
			sourceTree = "<group>";
		};
		59117A0A2AED756A00A86CC7 /* Products */ = {
			isa = PBXGroup;
			children = (
				59117A092AED756A00A86CC7 /* sample.app */,
				59117A192AED756D00A86CC7 /* sampleTests.xctest */,
				59117A232AED756D00A86CC7 /* sampleUITests.xctest */,
				59117A3A2AED784600A86CC7 /* enhanced-timetableExtension.appex */,
			);
			name = Products;
			sourceTree = "<group>";
		};
		59117A0B2AED756A00A86CC7 /* sample */ = {
			isa = PBXGroup;
			children = (
				59117A0C2AED756A00A86CC7 /* sampleApp.swift */,
				59117A0E2AED756A00A86CC7 /* ContentView.swift */,
				59117A102AED756C00A86CC7 /* Assets.xcassets */,
				59117A122AED756C00A86CC7 /* Preview Content */,
			);
			path = sample;
			sourceTree = "<group>";
		};
		59117A122AED756C00A86CC7 /* Preview Content */ = {
			isa = PBXGroup;
			children = (
				59117A132AED756C00A86CC7 /* Preview Assets.xcassets */,
			);
			path = "Preview Content";
			sourceTree = "<group>";
		};
		59117A1C2AED756D00A86CC7 /* sampleTests */ = {
			isa = PBXGroup;
			children = (
				59117A1D2AED756D00A86CC7 /* sampleTests.swift */,
			);
			path = sampleTests;
			sourceTree = "<group>";
		};
		59117A262AED756D00A86CC7 /* sampleUITests */ = {
			isa = PBXGroup;
			children = (
				59117A272AED756D00A86CC7 /* sampleUITests.swift */,
				59117A292AED756D00A86CC7 /* sampleUITestsLaunchTests.swift */,
			);
			path = sampleUITests;
			sourceTree = "<group>";
		};
		59117A3B2AED784600A86CC7 /* Frameworks */ = {
			isa = PBXGroup;
			children = (
				59117A3C2AED784600A86CC7 /* WidgetKit.framework */,
				59117A3E2AED784600A86CC7 /* SwiftUI.framework */,
			);
			name = Frameworks;
			sourceTree = "<group>";
		};
		59117A402AED784600A86CC7 /* enhanced-timetable */ = {
			isa = PBXGroup;
			children = (
				59117A412AED784600A86CC7 /* enhanced_timetableBundle.swift */,
				59117A432AED784600A86CC7 /* enhanced_timetableLiveActivity.swift */,
				59117A452AED784600A86CC7 /* enhanced_timetable.swift */,
				59117AAC2AEE375C00A86CC7 /* EntryView.swift */,
				59117AA82AEE32CE00A86CC7 /* entry.swift */,
				59117AAA2AEE332E00A86CC7 /* provider.swift */,
				59117A472AED784600A86CC7 /* AppIntent.swift */,
				59117A492AED784800A86CC7 /* Assets.xcassets */,
				59117A4B2AED784800A86CC7 /* Info.plist */,
			);
			path = "enhanced-timetable";
			sourceTree = "<group>";
		};
/* End PBXGroup section */

/* Begin PBXNativeTarget section */
		59117A082AED756A00A86CC7 /* sample */ = {
			isa = PBXNativeTarget;
			buildConfigurationList = 59117A2D2AED756D00A86CC7 /* Build configuration list for PBXNativeTarget "sample" */;
			buildPhases = (
				59117A052AED756A00A86CC7 /* Sources */,
				59117A062AED756A00A86CC7 /* Frameworks */,
				59117A072AED756A00A86CC7 /* Resources */,
				59117A522AED784800A86CC7 /* Embed Foundation Extensions */,
			);
			buildRules = (
			);
			dependencies = (
				59117A4D2AED784800A86CC7 /* PBXTargetDependency */,
			);
			name = sample;
			productName = sample;
			productReference = 59117A092AED756A00A86CC7 /* sample.app */;
			productType = "com.apple.product-type.application";
		};
		59117A182AED756D00A86CC7 /* sampleTests */ = {
			isa = PBXNativeTarget;
			buildConfigurationList = 59117A302AED756D00A86CC7 /* Build configuration list for PBXNativeTarget "sampleTests" */;
			buildPhases = (
				59117A152AED756D00A86CC7 /* Sources */,
				59117A162AED756D00A86CC7 /* Frameworks */,
				59117A172AED756D00A86CC7 /* Resources */,
			);
			buildRules = (
			);
			dependencies = (
				59117A1B2AED756D00A86CC7 /* PBXTargetDependency */,
			);
			name = sampleTests;
			productName = sampleTests;
			productReference = 59117A192AED756D00A86CC7 /* sampleTests.xctest */;
			productType = "com.apple.product-type.bundle.unit-test";
		};
		59117A222AED756D00A86CC7 /* sampleUITests */ = {
			isa = PBXNativeTarget;
			buildConfigurationList = 59117A332AED756D00A86CC7 /* Build configuration list for PBXNativeTarget "sampleUITests" */;
			buildPhases = (
				59117A1F2AED756D00A86CC7 /* Sources */,
				59117A202AED756D00A86CC7 /* Frameworks */,
				59117A212AED756D00A86CC7 /* Resources */,
			);
			buildRules = (
			);
			dependencies = (
				59117A252AED756D00A86CC7 /* PBXTargetDependency */,
			);
			name = sampleUITests;
			productName = sampleUITests;
			productReference = 59117A232AED756D00A86CC7 /* sampleUITests.xctest */;
			productType = "com.apple.product-type.bundle.ui-testing";
		};
		59117A392AED784600A86CC7 /* enhanced-timetableExtension */ = {
			isa = PBXNativeTarget;
			buildConfigurationList = 59117A4F2AED784800A86CC7 /* Build configuration list for PBXNativeTarget "enhanced-timetableExtension" */;
			buildPhases = (
				59117A362AED784600A86CC7 /* Sources */,
				59117A372AED784600A86CC7 /* Frameworks */,
				59117A382AED784600A86CC7 /* Resources */,
			);
			buildRules = (
			);
			dependencies = (
			);
			name = "enhanced-timetableExtension";
			productName = "enhanced-timetableExtension";
			productReference = 59117A3A2AED784600A86CC7 /* enhanced-timetableExtension.appex */;
			productType = "com.apple.product-type.app-extension";
		};
/* End PBXNativeTarget section */

/* Begin PBXProject section */
		59117A012AED756A00A86CC7 /* Project object */ = {
			isa = PBXProject;
			attributes = {
				BuildIndependentTargetsInParallel = 1;
				LastSwiftUpdateCheck = 1500;
				LastUpgradeCheck = 1500;
				TargetAttributes = {
					59117A082AED756A00A86CC7 = {
						CreatedOnToolsVersion = 15.0.1;
					};
					59117A182AED756D00A86CC7 = {
						CreatedOnToolsVersion = 15.0.1;
						TestTargetID = 59117A082AED756A00A86CC7;
					};
					59117A222AED756D00A86CC7 = {
						CreatedOnToolsVersion = 15.0.1;
						TestTargetID = 59117A082AED756A00A86CC7;
					};
					59117A392AED784600A86CC7 = {
						CreatedOnToolsVersion = 15.0.1;
					};
				};
			};
			buildConfigurationList = 59117A042AED756A00A86CC7 /* Build configuration list for PBXProject "sample" */;
			compatibilityVersion = "Xcode 14.0";
			developmentRegion = en;
			hasScannedForEncodings = 0;
			knownRegions = (
				en,
				Base,
			);
			mainGroup = 59117A002AED756A00A86CC7;
			productRefGroup = 59117A0A2AED756A00A86CC7 /* Products */;
			projectDirPath = "";
			projectRoot = "";
			targets = (
				59117A082AED756A00A86CC7 /* sample */,
				59117A182AED756D00A86CC7 /* sampleTests */,
				59117A222AED756D00A86CC7 /* sampleUITests */,
				59117A392AED784600A86CC7 /* enhanced-timetableExtension */,
			);
		};
/* End PBXProject section */

/* Begin PBXResourcesBuildPhase section */
		59117A072AED756A00A86CC7 /* Resources */ = {
			isa = PBXResourcesBuildPhase;
			buildActionMask = 2147483647;
			files = (
				59117A142AED756C00A86CC7 /* Preview Assets.xcassets in Resources */,
				59117A112AED756C00A86CC7 /* Assets.xcassets in Resources */,
			);
			runOnlyForDeploymentPostprocessing = 0;
		};
		59117A172AED756D00A86CC7 /* Resources */ = {
			isa = PBXResourcesBuildPhase;
			buildActionMask = 2147483647;
			files = (
			);
			runOnlyForDeploymentPostprocessing = 0;
		};
		59117A212AED756D00A86CC7 /* Resources */ = {
			isa = PBXResourcesBuildPhase;
			buildActionMask = 2147483647;
			files = (
			);
			runOnlyForDeploymentPostprocessing = 0;
		};
		59117A382AED784600A86CC7 /* Resources */ = {
			isa = PBXResourcesBuildPhase;
			buildActionMask = 2147483647;
			files = (
				59117A4A2AED784800A86CC7 /* Assets.xcassets in Resources */,
			);
			runOnlyForDeploymentPostprocessing = 0;
		};
/* End PBXResourcesBuildPhase section */

/* Begin PBXSourcesBuildPhase section */
		59117A052AED756A00A86CC7 /* Sources */ = {
			isa = PBXSourcesBuildPhase;
			buildActionMask = 2147483647;
			files = (
				59117A0F2AED756A00A86CC7 /* ContentView.swift in Sources */,
				59117A0D2AED756A00A86CC7 /* sampleApp.swift in Sources */,
			);
			runOnlyForDeploymentPostprocessing = 0;
		};
		59117A152AED756D00A86CC7 /* Sources */ = {
			isa = PBXSourcesBuildPhase;
			buildActionMask = 2147483647;
			files = (
				59117A1E2AED756D00A86CC7 /* sampleTests.swift in Sources */,
			);
			runOnlyForDeploymentPostprocessing = 0;
		};
		59117A1F2AED756D00A86CC7 /* Sources */ = {
			isa = PBXSourcesBuildPhase;
			buildActionMask = 2147483647;
			files = (
				59117A2A2AED756D00A86CC7 /* sampleUITestsLaunchTests.swift in Sources */,
				59117A282AED756D00A86CC7 /* sampleUITests.swift in Sources */,
			);
			runOnlyForDeploymentPostprocessing = 0;
		};
		59117A362AED784600A86CC7 /* Sources */ = {
			isa = PBXSourcesBuildPhase;
			buildActionMask = 2147483647;
			files = (
				59117AAB2AEE332E00A86CC7 /* provider.swift in Sources */,
				59117A442AED784600A86CC7 /* enhanced_timetableLiveActivity.swift in Sources */,
				59117A482AED784600A86CC7 /* AppIntent.swift in Sources */,
				59117A422AED784600A86CC7 /* enhanced_timetableBundle.swift in Sources */,
				59117AAD2AEE375C00A86CC7 /* EntryView.swift in Sources */,
				59117A462AED784600A86CC7 /* enhanced_timetable.swift in Sources */,
				59117AA92AEE32CE00A86CC7 /* entry.swift in Sources */,
			);
			runOnlyForDeploymentPostprocessing = 0;
		};
/* End PBXSourcesBuildPhase section */

/* Begin PBXTargetDependency section */
		59117A1B2AED756D00A86CC7 /* PBXTargetDependency */ = {
			isa = PBXTargetDependency;
			target = 59117A082AED756A00A86CC7 /* sample */;
			targetProxy = 59117A1A2AED756D00A86CC7 /* PBXContainerItemProxy */;
		};
		59117A252AED756D00A86CC7 /* PBXTargetDependency */ = {
			isa = PBXTargetDependency;
			target = 59117A082AED756A00A86CC7 /* sample */;
			targetProxy = 59117A242AED756D00A86CC7 /* PBXContainerItemProxy */;
		};
		59117A4D2AED784800A86CC7 /* PBXTargetDependency */ = {
			isa = PBXTargetDependency;
			target = 59117A392AED784600A86CC7 /* enhanced-timetableExtension */;
			targetProxy = 59117A4C2AED784800A86CC7 /* PBXContainerItemProxy */;
		};
/* End PBXTargetDependency section */

/* Begin XCBuildConfiguration section */
		59117A2B2AED756D00A86CC7 /* Debug */ = {
			isa = XCBuildConfiguration;
			buildSettings = {
				ALWAYS_SEARCH_USER_PATHS = NO;
				ASSETCATALOG_COMPILER_GENERATE_SWIFT_ASSET_SYMBOL_EXTENSIONS = YES;
				CLANG_ANALYZER_NONNULL = YES;
				CLANG_ANALYZER_NUMBER_OBJECT_CONVERSION = YES_AGGRESSIVE;
				CLANG_CXX_LANGUAGE_STANDARD = "gnu++20";
				CLANG_ENABLE_MODULES = YES;
				CLANG_ENABLE_OBJC_ARC = YES;
				CLANG_ENABLE_OBJC_WEAK = YES;
				CLANG_WARN_BLOCK_CAPTURE_AUTORELEASING = YES;
				CLANG_WARN_BOOL_CONVERSION = YES;
				CLANG_WARN_COMMA = YES;
				CLANG_WARN_CONSTANT_CONVERSION = YES;
				CLANG_WARN_DEPRECATED_OBJC_IMPLEMENTATIONS = YES;
				CLANG_WARN_DIRECT_OBJC_ISA_USAGE = YES_ERROR;
				CLANG_WARN_DOCUMENTATION_COMMENTS = YES;
				CLANG_WARN_EMPTY_BODY = YES;
				CLANG_WARN_ENUM_CONVERSION = YES;
				CLANG_WARN_INFINITE_RECURSION = YES;
				CLANG_WARN_INT_CONVERSION = YES;
				CLANG_WARN_NON_LITERAL_NULL_CONVERSION = YES;
				CLANG_WARN_OBJC_IMPLICIT_RETAIN_SELF = YES;
				CLANG_WARN_OBJC_LITERAL_CONVERSION = YES;
				CLANG_WARN_OBJC_ROOT_CLASS = YES_ERROR;
				CLANG_WARN_QUOTED_INCLUDE_IN_FRAMEWORK_HEADER = YES;
				CLANG_WARN_RANGE_LOOP_ANALYSIS = YES;
				CLANG_WARN_STRICT_PROTOTYPES = YES;
				CLANG_WARN_SUSPICIOUS_MOVE = YES;
				CLANG_WARN_UNGUARDED_AVAILABILITY = YES_AGGRESSIVE;
				CLANG_WARN_UNREACHABLE_CODE = YES;
				CLANG_WARN__DUPLICATE_METHOD_MATCH = YES;
				COPY_PHASE_STRIP = NO;
				DEBUG_INFORMATION_FORMAT = dwarf;
				ENABLE_STRICT_OBJC_MSGSEND = YES;
				ENABLE_TESTABILITY = YES;
				ENABLE_USER_SCRIPT_SANDBOXING = YES;
				GCC_C_LANGUAGE_STANDARD = gnu17;
				GCC_DYNAMIC_NO_PIC = NO;
				GCC_NO_COMMON_BLOCKS = YES;
				GCC_OPTIMIZATION_LEVEL = 0;
				GCC_PREPROCESSOR_DEFINITIONS = (
					"DEBUG=1",
					"$(inherited)",
				);
				GCC_WARN_64_TO_32_BIT_CONVERSION = YES;
				GCC_WARN_ABOUT_RETURN_TYPE = YES_ERROR;
				GCC_WARN_UNDECLARED_SELECTOR = YES;
				GCC_WARN_UNINITIALIZED_AUTOS = YES_AGGRESSIVE;
				GCC_WARN_UNUSED_FUNCTION = YES;
				GCC_WARN_UNUSED_VARIABLE = YES;
				IPHONEOS_DEPLOYMENT_TARGET = 17.0;
				LOCALIZATION_PREFERS_STRING_CATALOGS = YES;
				MTL_ENABLE_DEBUG_INFO = INCLUDE_SOURCE;
				MTL_FAST_MATH = YES;
				ONLY_ACTIVE_ARCH = YES;
				SDKROOT = iphoneos;
				SWIFT_ACTIVE_COMPILATION_CONDITIONS = "DEBUG $(inherited)";
				SWIFT_OPTIMIZATION_LEVEL = "-Onone";
			};
			name = Debug;
		};
		59117A2C2AED756D00A86CC7 /* Release */ = {
			isa = XCBuildConfiguration;
			buildSettings = {
				ALWAYS_SEARCH_USER_PATHS = NO;
				ASSETCATALOG_COMPILER_GENERATE_SWIFT_ASSET_SYMBOL_EXTENSIONS = YES;
				CLANG_ANALYZER_NONNULL = YES;
				CLANG_ANALYZER_NUMBER_OBJECT_CONVERSION = YES_AGGRESSIVE;
				CLANG_CXX_LANGUAGE_STANDARD = "gnu++20";
				CLANG_ENABLE_MODULES = YES;
				CLANG_ENABLE_OBJC_ARC = YES;
				CLANG_ENABLE_OBJC_WEAK = YES;
				CLANG_WARN_BLOCK_CAPTURE_AUTORELEASING = YES;
				CLANG_WARN_BOOL_CONVERSION = YES;
				CLANG_WARN_COMMA = YES;
				CLANG_WARN_CONSTANT_CONVERSION = YES;
				CLANG_WARN_DEPRECATED_OBJC_IMPLEMENTATIONS = YES;
				CLANG_WARN_DIRECT_OBJC_ISA_USAGE = YES_ERROR;
				CLANG_WARN_DOCUMENTATION_COMMENTS = YES;
				CLANG_WARN_EMPTY_BODY = YES;
				CLANG_WARN_ENUM_CONVERSION = YES;
				CLANG_WARN_INFINITE_RECURSION = YES;
				CLANG_WARN_INT_CONVERSION = YES;
				CLANG_WARN_NON_LITERAL_NULL_CONVERSION = YES;
				CLANG_WARN_OBJC_IMPLICIT_RETAIN_SELF = YES;
				CLANG_WARN_OBJC_LITERAL_CONVERSION = YES;
				CLANG_WARN_OBJC_ROOT_CLASS = YES_ERROR;
				CLANG_WARN_QUOTED_INCLUDE_IN_FRAMEWORK_HEADER = YES;
				CLANG_WARN_RANGE_LOOP_ANALYSIS = YES;
				CLANG_WARN_STRICT_PROTOTYPES = YES;
				CLANG_WARN_SUSPICIOUS_MOVE = YES;
				CLANG_WARN_UNGUARDED_AVAILABILITY = YES_AGGRESSIVE;
				CLANG_WARN_UNREACHABLE_CODE = YES;
				CLANG_WARN__DUPLICATE_METHOD_MATCH = YES;
				COPY_PHASE_STRIP = NO;
				DEBUG_INFORMATION_FORMAT = "dwarf-with-dsym";
				ENABLE_NS_ASSERTIONS = NO;
				ENABLE_STRICT_OBJC_MSGSEND = YES;
				ENABLE_USER_SCRIPT_SANDBOXING = YES;
				GCC_C_LANGUAGE_STANDARD = gnu17;
				GCC_NO_COMMON_BLOCKS = YES;
				GCC_WARN_64_TO_32_BIT_CONVERSION = YES;
				GCC_WARN_ABOUT_RETURN_TYPE = YES_ERROR;
				GCC_WARN_UNDECLARED_SELECTOR = YES;
				GCC_WARN_UNINITIALIZED_AUTOS = YES_AGGRESSIVE;
				GCC_WARN_UNUSED_FUNCTION = YES;
				GCC_WARN_UNUSED_VARIABLE = YES;
				IPHONEOS_DEPLOYMENT_TARGET = 17.0;
				LOCALIZATION_PREFERS_STRING_CATALOGS = YES;
				MTL_ENABLE_DEBUG_INFO = NO;
				MTL_FAST_MATH = YES;
				SDKROOT = iphoneos;
				SWIFT_COMPILATION_MODE = wholemodule;
				VALIDATE_PRODUCT = YES;
			};
			name = Release;
		};
		59117A2E2AED756D00A86CC7 /* Debug */ = {
			isa = XCBuildConfiguration;
			buildSettings = {
				ALWAYS_EMBED_SWIFT_STANDARD_LIBRARIES = YES;
				ASSETCATALOG_COMPILER_APPICON_NAME = AppIcon;
				ASSETCATALOG_COMPILER_GLOBAL_ACCENT_COLOR_NAME = AccentColor;
				CODE_SIGN_STYLE = Automatic;
				CURRENT_PROJECT_VERSION = 1;
				"DEBUG_INFORMATION_FORMAT[sdk=*]" = dwarf;
				DEVELOPMENT_ASSET_PATHS = "\"sample/Preview Content\"";
				DEVELOPMENT_TEAM = YLQ87669KV;
				ENABLE_PREVIEWS = YES;
				GENERATE_INFOPLIST_FILE = YES;
				INFOPLIST_KEY_UIApplicationSceneManifest_Generation = YES;
				INFOPLIST_KEY_UIApplicationSupportsIndirectInputEvents = YES;
				INFOPLIST_KEY_UILaunchScreen_Generation = YES;
				INFOPLIST_KEY_UISupportedInterfaceOrientations_iPad = "UIInterfaceOrientationPortrait UIInterfaceOrientationPortraitUpsideDown UIInterfaceOrientationLandscapeLeft UIInterfaceOrientationLandscapeRight";
				INFOPLIST_KEY_UISupportedInterfaceOrientations_iPhone = "UIInterfaceOrientationPortrait UIInterfaceOrientationLandscapeLeft UIInterfaceOrientationLandscapeRight";
				LD_RUNPATH_SEARCH_PATHS = (
					"$(inherited)",
					"@executable_path/Frameworks",
				);
				MARKETING_VERSION = 1.0;
				PRODUCT_BUNDLE_IDENTIFIER = "com.sample-rm-20231009";
				PRODUCT_NAME = "$(TARGET_NAME)";
				SWIFT_EMIT_LOC_STRINGS = YES;
				SWIFT_VERSION = 5.0;
				TARGETED_DEVICE_FAMILY = "1,2";
			};
			name = Debug;
		};
		59117A2F2AED756D00A86CC7 /* Release */ = {
			isa = XCBuildConfiguration;
			buildSettings = {
				ALWAYS_EMBED_SWIFT_STANDARD_LIBRARIES = YES;
				ASSETCATALOG_COMPILER_APPICON_NAME = AppIcon;
				ASSETCATALOG_COMPILER_GLOBAL_ACCENT_COLOR_NAME = AccentColor;
				CODE_SIGN_STYLE = Automatic;
				CURRENT_PROJECT_VERSION = 1;
				DEVELOPMENT_ASSET_PATHS = "\"sample/Preview Content\"";
				DEVELOPMENT_TEAM = YLQ87669KV;
				ENABLE_PREVIEWS = YES;
				GENERATE_INFOPLIST_FILE = YES;
				INFOPLIST_KEY_UIApplicationSceneManifest_Generation = YES;
				INFOPLIST_KEY_UIApplicationSupportsIndirectInputEvents = YES;
				INFOPLIST_KEY_UILaunchScreen_Generation = YES;
				INFOPLIST_KEY_UISupportedInterfaceOrientations_iPad = "UIInterfaceOrientationPortrait UIInterfaceOrientationPortraitUpsideDown UIInterfaceOrientationLandscapeLeft UIInterfaceOrientationLandscapeRight";
				INFOPLIST_KEY_UISupportedInterfaceOrientations_iPhone = "UIInterfaceOrientationPortrait UIInterfaceOrientationLandscapeLeft UIInterfaceOrientationLandscapeRight";
				LD_RUNPATH_SEARCH_PATHS = (
					"$(inherited)",
					"@executable_path/Frameworks",
				);
				MARKETING_VERSION = 1.0;
				PRODUCT_BUNDLE_IDENTIFIER = "com.sample-rm-20231009";
				PRODUCT_NAME = "$(TARGET_NAME)";
				SWIFT_EMIT_LOC_STRINGS = YES;
				SWIFT_VERSION = 5.0;
				TARGETED_DEVICE_FAMILY = "1,2";
			};
			name = Release;
		};
		59117A312AED756D00A86CC7 /* Debug */ = {
			isa = XCBuildConfiguration;
			buildSettings = {
				ALWAYS_EMBED_SWIFT_STANDARD_LIBRARIES = YES;
				BUNDLE_LOADER = "$(TEST_HOST)";
				CODE_SIGN_STYLE = Automatic;
				CURRENT_PROJECT_VERSION = 1;
				GENERATE_INFOPLIST_FILE = YES;
				IPHONEOS_DEPLOYMENT_TARGET = 17.0;
				MARKETING_VERSION = 1.0;
				PRODUCT_BUNDLE_IDENTIFIER = com.sampleTests;
				PRODUCT_NAME = "$(TARGET_NAME)";
				SWIFT_EMIT_LOC_STRINGS = NO;
				SWIFT_VERSION = 5.0;
				TARGETED_DEVICE_FAMILY = "1,2";
				TEST_HOST = "$(BUILT_PRODUCTS_DIR)/sample.app/$(BUNDLE_EXECUTABLE_FOLDER_PATH)/sample";
			};
			name = Debug;
		};
		59117A322AED756D00A86CC7 /* Release */ = {
			isa = XCBuildConfiguration;
			buildSettings = {
				ALWAYS_EMBED_SWIFT_STANDARD_LIBRARIES = YES;
				BUNDLE_LOADER = "$(TEST_HOST)";
				CODE_SIGN_STYLE = Automatic;
				CURRENT_PROJECT_VERSION = 1;
				GENERATE_INFOPLIST_FILE = YES;
				IPHONEOS_DEPLOYMENT_TARGET = 17.0;
				MARKETING_VERSION = 1.0;
				PRODUCT_BUNDLE_IDENTIFIER = com.sampleTests;
				PRODUCT_NAME = "$(TARGET_NAME)";
				SWIFT_EMIT_LOC_STRINGS = NO;
				SWIFT_VERSION = 5.0;
				TARGETED_DEVICE_FAMILY = "1,2";
				TEST_HOST = "$(BUILT_PRODUCTS_DIR)/sample.app/$(BUNDLE_EXECUTABLE_FOLDER_PATH)/sample";
			};
			name = Release;
		};
		59117A342AED756D00A86CC7 /* Debug */ = {
			isa = XCBuildConfiguration;
			buildSettings = {
				ALWAYS_EMBED_SWIFT_STANDARD_LIBRARIES = YES;
				CODE_SIGN_STYLE = Automatic;
				CURRENT_PROJECT_VERSION = 1;
				GENERATE_INFOPLIST_FILE = YES;
				MARKETING_VERSION = 1.0;
				PRODUCT_BUNDLE_IDENTIFIER = com.sampleUITests;
				PRODUCT_NAME = "$(TARGET_NAME)";
				SWIFT_EMIT_LOC_STRINGS = NO;
				SWIFT_VERSION = 5.0;
				TARGETED_DEVICE_FAMILY = "1,2";
				TEST_TARGET_NAME = sample;
			};
			name = Debug;
		};
		59117A352AED756D00A86CC7 /* Release */ = {
			isa = XCBuildConfiguration;
			buildSettings = {
				ALWAYS_EMBED_SWIFT_STANDARD_LIBRARIES = YES;
				CODE_SIGN_STYLE = Automatic;
				CURRENT_PROJECT_VERSION = 1;
				GENERATE_INFOPLIST_FILE = YES;
				MARKETING_VERSION = 1.0;
				PRODUCT_BUNDLE_IDENTIFIER = com.sampleUITests;
				PRODUCT_NAME = "$(TARGET_NAME)";
				SWIFT_EMIT_LOC_STRINGS = NO;
				SWIFT_VERSION = 5.0;
				TARGETED_DEVICE_FAMILY = "1,2";
				TEST_TARGET_NAME = sample;
			};
			name = Release;
		};
		59117A502AED784800A86CC7 /* Debug */ = {
			isa = XCBuildConfiguration;
			buildSettings = {
				ASSETCATALOG_COMPILER_GLOBAL_ACCENT_COLOR_NAME = AccentColor;
				ASSETCATALOG_COMPILER_WIDGET_BACKGROUND_COLOR_NAME = WidgetBackground;
				CODE_SIGN_STYLE = Automatic;
				CURRENT_PROJECT_VERSION = 1;
				DEVELOPMENT_TEAM = YLQ87669KV;
				GENERATE_INFOPLIST_FILE = YES;
				INFOPLIST_FILE = "enhanced-timetable/Info.plist";
				INFOPLIST_KEY_CFBundleDisplayName = "enhanced-timetable";
				INFOPLIST_KEY_NSHumanReadableCopyright = "";
				LD_RUNPATH_SEARCH_PATHS = (
					"$(inherited)",
					"@executable_path/Frameworks",
					"@executable_path/../../Frameworks",
				);
				MARKETING_VERSION = 1.0;
				PRODUCT_BUNDLE_IDENTIFIER = "com.sample-rm-20231009.enhanced-timetable";
				PRODUCT_NAME = "$(TARGET_NAME)";
				SKIP_INSTALL = YES;
				SWIFT_EMIT_LOC_STRINGS = YES;
				SWIFT_VERSION = 5.0;
				TARGETED_DEVICE_FAMILY = "1,2";
			};
			name = Debug;
		};
		59117A512AED784800A86CC7 /* Release */ = {
			isa = XCBuildConfiguration;
			buildSettings = {
				ASSETCATALOG_COMPILER_GLOBAL_ACCENT_COLOR_NAME = AccentColor;
				ASSETCATALOG_COMPILER_WIDGET_BACKGROUND_COLOR_NAME = WidgetBackground;
				CODE_SIGN_STYLE = Automatic;
				CURRENT_PROJECT_VERSION = 1;
				DEVELOPMENT_TEAM = YLQ87669KV;
				GENERATE_INFOPLIST_FILE = YES;
				INFOPLIST_FILE = "enhanced-timetable/Info.plist";
				INFOPLIST_KEY_CFBundleDisplayName = "enhanced-timetable";
				INFOPLIST_KEY_NSHumanReadableCopyright = "";
				LD_RUNPATH_SEARCH_PATHS = (
					"$(inherited)",
					"@executable_path/Frameworks",
					"@executable_path/../../Frameworks",
				);
				MARKETING_VERSION = 1.0;
				PRODUCT_BUNDLE_IDENTIFIER = "com.sample-rm-20231009.enhanced-timetable";
				PRODUCT_NAME = "$(TARGET_NAME)";
				SKIP_INSTALL = YES;
				SWIFT_EMIT_LOC_STRINGS = YES;
				SWIFT_VERSION = 5.0;
				TARGETED_DEVICE_FAMILY = "1,2";
			};
			name = Release;
		};
/* End XCBuildConfiguration section */

/* Begin XCConfigurationList section */
		59117A042AED756A00A86CC7 /* Build configuration list for PBXProject "sample" */ = {
			isa = XCConfigurationList;
			buildConfigurations = (
				59117A2B2AED756D00A86CC7 /* Debug */,
				59117A2C2AED756D00A86CC7 /* Release */,
			);
			defaultConfigurationIsVisible = 0;
			defaultConfigurationName = Release;
		};
		59117A2D2AED756D00A86CC7 /* Build configuration list for PBXNativeTarget "sample" */ = {
			isa = XCConfigurationList;
			buildConfigurations = (
				59117A2E2AED756D00A86CC7 /* Debug */,
				59117A2F2AED756D00A86CC7 /* Release */,
			);
			defaultConfigurationIsVisible = 0;
			defaultConfigurationName = Release;
		};
		59117A302AED756D00A86CC7 /* Build configuration list for PBXNativeTarget "sampleTests" */ = {
			isa = XCConfigurationList;
			buildConfigurations = (
				59117A312AED756D00A86CC7 /* Debug */,
				59117A322AED756D00A86CC7 /* Release */,
			);
			defaultConfigurationIsVisible = 0;
			defaultConfigurationName = Release;
		};
		59117A332AED756D00A86CC7 /* Build configuration list for PBXNativeTarget "sampleUITests" */ = {
			isa = XCConfigurationList;
			buildConfigurations = (
				59117A342AED756D00A86CC7 /* Debug */,
				59117A352AED756D00A86CC7 /* Release */,
			);
			defaultConfigurationIsVisible = 0;
			defaultConfigurationName = Release;
		};
		59117A4F2AED784800A86CC7 /* Build configuration list for PBXNativeTarget "enhanced-timetableExtension" */ = {
			isa = XCConfigurationList;
			buildConfigurations = (
				59117A502AED784800A86CC7 /* Debug */,
				59117A512AED784800A86CC7 /* Release */,
			);
			defaultConfigurationIsVisible = 0;
			defaultConfigurationName = Release;
		};
/* End XCConfigurationList section */
	};
	rootObject = 59117A012AED756A00A86CC7 /* Project object */;
}
